# THIS IS AN AUTOGENERATED FILE. DO NOT EDIT THIS FILE DIRECTLY.
# yarn lockfile v1


"@next/env@12.3.2-canary.23":
  version "12.3.2-canary.23"
  resolved "https://registry.yarnpkg.com/@next/env/-/env-12.3.2-canary.23.tgz#e037e338cdef0583dbcb5efe08e00f663dad6bb1"
  integrity sha512-UlugldYAmlDTaAt+GLt9KrO2PhelERlxE+vlMUB7o8n0+6oBnzy25qhAbAJ9oGdZK2O1FUkEkNZMVrEcdeC3Dg==

"@next/swc-android-arm-eabi@12.3.2-canary.23":
  version "12.3.2-canary.23"
  resolved "https://registry.yarnpkg.com/@next/swc-android-arm-eabi/-/swc-android-arm-eabi-12.3.2-canary.23.tgz#6defaa185bb2d29071b85b5516e48d5851b38e24"
  integrity sha512-dA6nTxt8T5SjthZlqxbkSQDGJU+SW6DuIIQ//MZpzhVJVveFJUhxyuP0oaZKm6VQqtMY5e6TR8ZI2Cgm/0gLyg==

"@next/swc-android-arm64@12.3.2-canary.23":
  version "12.3.2-canary.23"
  resolved "https://registry.yarnpkg.com/@next/swc-android-arm64/-/swc-android-arm64-12.3.2-canary.23.tgz#11e82c20ea4a7e0e9bdbecfc0ab91099374efe3b"
  integrity sha512-ov+8wcY8OrIM7lpovZf4U5o81dgQBZeAHKGApCb5/NeE7Y1Ovw/h4jKC86dUmBlTxEGzvV6skPXXtk/Kd2A4gA==

"@next/swc-darwin-arm64@12.3.2-canary.23":
  version "12.3.2-canary.23"
  resolved "https://registry.yarnpkg.com/@next/swc-darwin-arm64/-/swc-darwin-arm64-12.3.2-canary.23.tgz#b2dcec02b560032ebbc9c894e2d26b23841c93e6"
  integrity sha512-d4PcApLR27kuz8zljOOoJGlGxTc6YH01IPOk9+CO7U9oJoLKvn9wt/Li4ZyDt9bZ7VpE5iMW7L19po0xSY8DoA==

"@next/swc-darwin-x64@12.3.2-canary.23":
  version "12.3.2-canary.23"
  resolved "https://registry.yarnpkg.com/@next/swc-darwin-x64/-/swc-darwin-x64-12.3.2-canary.23.tgz#cec17ad66c5b32a881a094e5abb4d4abc88a60fa"
  integrity sha512-V3BY3V8zUHxodzzmp8HSzONbzboU1rHvs+15t2m9RNbE/EANrEJATOBmvp7NZW/EAjPJtLQuOcceqzLynTpsSg==

"@next/swc-freebsd-x64@12.3.2-canary.23":
  version "12.3.2-canary.23"
  resolved "https://registry.yarnpkg.com/@next/swc-freebsd-x64/-/swc-freebsd-x64-12.3.2-canary.23.tgz#1f7995b72428b4cc9659d3021719511aa97dfdb4"
  integrity sha512-Z5mqazLNuySPGwJF9qxUDl8DfufKnoOmXisAd3Y9VHchc9VsM4g3xrLUJ/KutgGxQ/56IhQtubebplg+pxaggg==

"@next/swc-linux-arm-gnueabihf@12.3.2-canary.23":
  version "12.3.2-canary.23"
  resolved "https://registry.yarnpkg.com/@next/swc-linux-arm-gnueabihf/-/swc-linux-arm-gnueabihf-12.3.2-canary.23.tgz#4f5f422ae2b1e68ca99076da62c0fda320c5466b"
  integrity sha512-4a9zWZ2LDyjF/hwgm9mAGfnrbhDhn/U1dx69AYuCJY7x6Z98dgzULwnEQ21ZT9vNRxFZ7523+Yywkamgl/VZdQ==

"@next/swc-linux-arm64-gnu@12.3.2-canary.23":
  version "12.3.2-canary.23"
  resolved "https://registry.yarnpkg.com/@next/swc-linux-arm64-gnu/-/swc-linux-arm64-gnu-12.3.2-canary.23.tgz#0327229508f04dc432b5022462b8cb1f36cb6fff"
  integrity sha512-idbh71Gwah3o5x4y5NWiPt52UfXXcvpfKRvYjOcRA4I1MFLCMGxuqLV8KWamF1V4ybi0C7VxvQgGxzeTn2ExvA==

"@next/swc-linux-arm64-musl@12.3.2-canary.23":
  version "12.3.2-canary.23"
  resolved "https://registry.yarnpkg.com/@next/swc-linux-arm64-musl/-/swc-linux-arm64-musl-12.3.2-canary.23.tgz#8d6af9c443b657c27381d5272a3630c22e34db07"
  integrity sha512-EEkkgrSXch1GyJ8TLvePRsVPkNgGy5SbxSuoy66rzKqK8gAaGltzPKa9znQNhNGoKyB77e27JHT7s4e96ZNFDQ==

"@next/swc-linux-x64-gnu@12.3.2-canary.23":
  version "12.3.2-canary.23"
  resolved "https://registry.yarnpkg.com/@next/swc-linux-x64-gnu/-/swc-linux-x64-gnu-12.3.2-canary.23.tgz#8de66070a13360982a5656c7a2167f2d11cd711e"
  integrity sha512-5lZt54v1nbYBgGFLgr6o389yqOc2o0gCxVNr43oawtPONfWzPR9H4Izq42/fmxYl/gwATzEcNl5B3PjTk65STA==

"@next/swc-linux-x64-musl@12.3.2-canary.23":
  version "12.3.2-canary.23"
  resolved "https://registry.yarnpkg.com/@next/swc-linux-x64-musl/-/swc-linux-x64-musl-12.3.2-canary.23.tgz#25159454b708a11083af82b261cb05b885ac3970"
  integrity sha512-dVKs6uDzxmfWwIVLszF/ie8Ruoi/72VaD4gMX0wiz/Hm3JPh5Djh6pLjxDtlxpE+XWkYQhty70EuJK4713APLg==

"@next/swc-win32-arm64-msvc@12.3.2-canary.23":
  version "12.3.2-canary.23"
  resolved "https://registry.yarnpkg.com/@next/swc-win32-arm64-msvc/-/swc-win32-arm64-msvc-12.3.2-canary.23.tgz#d4a094af396c25f9306130a1cd173d3416381a9a"
  integrity sha512-ftfbBwB4YzdAEe1yI9nK98U44xOTQ5I2Xay1ID0sk/4DJdDiVryMy8ujIWyzgb11qNRMtt1LrU5qtRxUWXrBHw==

"@next/swc-win32-ia32-msvc@12.3.2-canary.23":
  version "12.3.2-canary.23"
  resolved "https://registry.yarnpkg.com/@next/swc-win32-ia32-msvc/-/swc-win32-ia32-msvc-12.3.2-canary.23.tgz#5aed81bb26b6ce56ac6c6d1dbf9317fc662d2877"
  integrity sha512-vPi/dghx63tXyM+GBIkj/zHaioIKji6r0G9Bsm5JLpyvky23cFyeGmcIz+pVDDwBTnPGDzLpPimDvZ61T7xc7w==

"@next/swc-win32-x64-msvc@12.3.2-canary.23":
  version "12.3.2-canary.23"
  resolved "https://registry.yarnpkg.com/@next/swc-win32-x64-msvc/-/swc-win32-x64-msvc-12.3.2-canary.23.tgz#0178582a8a0bacb631ef189670ba46d5f788b8af"
  integrity sha512-X5qQAM5tL6AYGlUgj3dqFGopfTUHd2coxUjgWO8inOEViLz5nUaj7r1haZtzopK4BGUuYw+Ww3cbd1BqBpaGkw==

"@swc/helpers@0.4.11":
  version "0.4.11"
  resolved "https://registry.yarnpkg.com/@swc/helpers/-/helpers-0.4.11.tgz#db23a376761b3d31c26502122f349a21b592c8de"
  integrity sha512-rEUrBSGIoSFuYxwBYtlUFMlE2CwGhmW+w9355/5oduSw8e5h2+Tj4UrAGNNgP9915++wj5vkQo0UuOBqOAq4nw==
  dependencies:
    tslib "^2.4.0"

"@types/node@^18.0.0":
  version "18.8.3"
  resolved "https://registry.yarnpkg.com/@types/node/-/node-18.8.3.tgz#ce750ab4017effa51aed6a7230651778d54e327c"
  integrity sha512-0os9vz6BpGwxGe9LOhgP/ncvYN5Tx1fNcd2TM3rD/aCGBkysb+ZWpXEocG24h6ZzOi13+VB8HndAQFezsSOw1w==

"@types/prop-types@*":
  version "15.7.5"
  resolved "https://registry.yarnpkg.com/@types/prop-types/-/prop-types-15.7.5.tgz#5f19d2b85a98e9558036f6a3cacc8819420f05cf"
  integrity sha512-JCB8C6SnDoQf0cNycqd/35A7MjcnK+ZTqE7judS6o7utxUCg6imJg3QK2qzHKszlTjcj2cn+NwMB2i96ubpj7w==

"@types/react@^18.0.14":
  version "18.0.21"
  resolved "https://registry.yarnpkg.com/@types/react/-/react-18.0.21.tgz#b8209e9626bb00a34c76f55482697edd2b43cc67"
  integrity sha512-7QUCOxvFgnD5Jk8ZKlUAhVcRj7GuJRjnjjiY/IUBWKgOlnvDvTMLD4RTF7NPyVmbRhNrbomZiOepg7M/2Kj1mA==
  dependencies:
    "@types/prop-types" "*"
    "@types/scheduler" "*"
    csstype "^3.0.2"

"@types/scheduler@*":
  version "0.16.2"
  resolved "https://registry.yarnpkg.com/@types/scheduler/-/scheduler-0.16.2.tgz#1a62f89525723dde24ba1b01b092bf5df8ad4d39"
  integrity sha512-hppQEBDmlwhFAXKJX2KnWLYu5yMfi91yazPb2l+lbJiwW+wdo1gNeRA+3RgNSO39WYX2euey41KEwnqesU2Jew==

caniuse-lite@^1.0.30001406:
  version "1.0.30001418"
  resolved "https://registry.yarnpkg.com/caniuse-lite/-/caniuse-lite-1.0.30001418.tgz#5f459215192a024c99e3e3a53aac310fc7cf24e6"
  integrity sha512-oIs7+JL3K9JRQ3jPZjlH6qyYDp+nBTCais7hjh0s+fuBwufc7uZ7hPYMXrDOJhV360KGMTcczMRObk0/iMqZRg==

csstype@^3.0.2:
  version "3.1.1"
  resolved "https://registry.yarnpkg.com/csstype/-/csstype-3.1.1.tgz#841b532c45c758ee546a11d5bd7b7b473c8c30b9"
  integrity sha512-DJR/VvkAvSZW9bTouZue2sSxDwdTN92uHjqeKVm+0dAqdfNykRzQ95tay8aXMBAAPpUiq4Qcug2L7neoRh2Egw==

"js-tokens@^3.0.0 || ^4.0.0":
  version "4.0.0"
  resolved "https://registry.yarnpkg.com/js-tokens/-/js-tokens-4.0.0.tgz#19203fb59991df98e3a287050d4647cdeaf32499"
  integrity sha512-RdJUflcE3cUzKiMqQgsCu06FPu9UdIJO0beYbPhHN4k6apgJtifcoCtT9bcxOpYBtpD2kCM6Sbzg4CausW/PKQ==

loose-envify@^1.1.0:
  version "1.4.0"
  resolved "https://registry.yarnpkg.com/loose-envify/-/loose-envify-1.4.0.tgz#71ee51fa7be4caec1a63839f7e682d8132d30caf"
  integrity sha512-lyuxPGr/Wfhrlem2CL/UcnUc1zcqKAImBDzukY7Y5F/yQiNdko6+fRLevlw1HgMySw7f611UIY408EtxRSoK3Q==
  dependencies:
    js-tokens "^3.0.0 || ^4.0.0"

nanoid@^3.3.4:
  version "3.3.4"
  resolved "https://registry.yarnpkg.com/nanoid/-/nanoid-3.3.4.tgz#730b67e3cd09e2deacf03c027c81c9d9dbc5e8ab"
  integrity sha512-MqBkQh/OHTS2egovRtLk45wEyNXwF+cokD+1YPf9u5VfJiRdAiRwB2froX5Co9Rh20xs4siNPm8naNotSD6RBw==

next@canary:
  version "12.3.2-canary.23"
  resolved "https://registry.yarnpkg.com/next/-/next-12.3.2-canary.23.tgz#f06dbcf0da264a885cc8795de03f6c0e21bd592f"
  integrity sha512-1pZ7z/hWkSPyDOS9pHTM/xDxSJBDNwhM0Qj+C4PF5GdEU56wMhyF+Uhmf0PlGUbcFfzpT/NNAw5xU7SKjsHNhQ==
  dependencies:
    "@next/env" "12.3.2-canary.23"
    "@swc/helpers" "0.4.11"
    caniuse-lite "^1.0.30001406"
    postcss "8.4.14"
    styled-jsx "5.0.7"
    use-sync-external-store "1.2.0"
  optionalDependencies:
    "@next/swc-android-arm-eabi" "12.3.2-canary.23"
    "@next/swc-android-arm64" "12.3.2-canary.23"
    "@next/swc-darwin-arm64" "12.3.2-canary.23"
    "@next/swc-darwin-x64" "12.3.2-canary.23"
    "@next/swc-freebsd-x64" "12.3.2-canary.23"
    "@next/swc-linux-arm-gnueabihf" "12.3.2-canary.23"
    "@next/swc-linux-arm64-gnu" "12.3.2-canary.23"
    "@next/swc-linux-arm64-musl" "12.3.2-canary.23"
    "@next/swc-linux-x64-gnu" "12.3.2-canary.23"
    "@next/swc-linux-x64-musl" "12.3.2-canary.23"
    "@next/swc-win32-arm64-msvc" "12.3.2-canary.23"
    "@next/swc-win32-ia32-msvc" "12.3.2-canary.23"
    "@next/swc-win32-x64-msvc" "12.3.2-canary.23"

picocolors@^1.0.0:
  version "1.0.0"
  resolved "https://registry.yarnpkg.com/picocolors/-/picocolors-1.0.0.tgz#cb5bdc74ff3f51892236eaf79d68bc44564ab81c"
  integrity sha512-1fygroTLlHu66zi26VoTDv8yRgm0Fccecssto+MhsZ0D/DGW2sm8E8AjW7NU5VVTRt5GxbeZ5qBuJr+HyLYkjQ==

postcss@8.4.14:
  version "8.4.14"
  resolved "https://registry.yarnpkg.com/postcss/-/postcss-8.4.14.tgz#ee9274d5622b4858c1007a74d76e42e56fd21caf"
  integrity sha512-E398TUmfAYFPBSdzgeieK2Y1+1cpdxJx8yXbK/m57nRhKSmk1GB2tO4lbLBtlkfPQTDKfe4Xqv1ASWPpayPEig==
  dependencies:
    nanoid "^3.3.4"
    picocolors "^1.0.0"
    source-map-js "^1.0.2"

react-dom@^18.2.0:
  version "18.2.0"
  resolved "https://registry.yarnpkg.com/react-dom/-/react-dom-18.2.0.tgz#22aaf38708db2674ed9ada224ca4aa708d821e3d"
  integrity sha512-6IMTriUmvsjHUjNtEDudZfuDQUoWXVxKHhlEGSk81n4YFS+r/Kl99wXiwlVXtPBtJenozv2P+hxDsw9eA7Xo6g==
  dependencies:
    loose-envify "^1.1.0"
    scheduler "^0.23.0"

react@^18.2.0:
  version "18.2.0"
  resolved "https://registry.yarnpkg.com/react/-/react-18.2.0.tgz#555bd98592883255fa00de14f1151a917b5d77d5"
  integrity sha512-/3IjMdb2L9QbBdWiW5e3P2/npwMBaU9mHCSCUzNln0ZCYbcfTsGbTJrU/kGemdH2IWmB2ioZ+zkxtmq6g09fGQ==
  dependencies:
    loose-envify "^1.1.0"

scheduler@^0.23.0:
  version "0.23.0"
  resolved "https://registry.yarnpkg.com/scheduler/-/scheduler-0.23.0.tgz#ba8041afc3d30eb206a487b6b384002e4e61fdfe"
  integrity sha512-CtuThmgHNg7zIZWAXi3AsyIzA3n4xx7aNyjwC2VJldO2LMVDhFK+63xGqq6CsJH4rTAt6/M+N4GhZiDYPx9eUw==
  dependencies:
    loose-envify "^1.1.0"

source-map-js@^1.0.2:
  version "1.0.2"
  resolved "https://registry.yarnpkg.com/source-map-js/-/source-map-js-1.0.2.tgz#adbc361d9c62df380125e7f161f71c826f1e490c"
  integrity sha512-R0XvVJ9WusLiqTCEiGCmICCMplcCkIwwR11mOSD9CR5u+IXYdiseeEuXCVAjS54zqwkLcPNnmU4OeJ6tUrWhDw==

styled-jsx@5.0.7:
  version "5.0.7"
  resolved "https://registry.yarnpkg.com/styled-jsx/-/styled-jsx-5.0.7.tgz#be44afc53771b983769ac654d355ca8d019dff48"
  integrity sha512-b3sUzamS086YLRuvnaDigdAewz1/EFYlHpYBP5mZovKEdQQOIIYq8lApylub3HHZ6xFjV051kkGU7cudJmrXEA==

tslib@^2.4.0:
  version "2.4.0"
  resolved "https://registry.yarnpkg.com/tslib/-/tslib-2.4.0.tgz#7cecaa7f073ce680a05847aa77be941098f36dc3"
  integrity sha512-d6xOpEDfsi2CZVlPQzGeux8XMwLT9hssAsaPYExaQMuYskwb+x1x7J371tWlbBdWHroy99KnVB6qIkUbs5X3UQ==

typescript@^4.7.4:
  version "4.8.4"
  resolved "https://registry.yarnpkg.com/typescript/-/typescript-4.8.4.tgz#c464abca159669597be5f96b8943500b238e60e6"
  integrity sha512-QCh+85mCy+h0IGff8r5XWzOVSbBO+KfeYrMQh7NJ58QujwcE22u+NUSmUxqF+un70P9GXKxa2HCNiTTMJknyjQ==

use-sync-external-store@1.2.0:
  version "1.2.0"
  resolved "https://registry.yarnpkg.com/use-sync-external-store/-/use-sync-external-store-1.2.0.tgz#7dbefd6ef3fe4e767a0cf5d7287aacfb5846928a"
  integrity sha512-eEgnFxGQ1Ife9bzYs6VLi8/4X6CObHMw9Qr9tPY43iKwsPw8xE8+EFsf/2cFZ5S3esXgpWgtSCtLNS41F+sKPA==
